
Microsoft Visual Studio Solution File, Format Version 12.00
# Visual Studio Version 16
VisualStudioVersion = 16.0.31005.135
MinimumVisualStudioVersion = 10.0.40219.1
Project("{FAE04EC0-301F-11D3-BF4B-00C04F79EFBC}") = "HRSC.Web", "HRSC.Web\HRSC.Web.csproj", "{6CE174A1-84FF-4D01-86EE-10FF0111F3AB}"
EndProject
Project("{FAE04EC0-301F-11D3-BF4B-00C04F79EFBC}") = "HRSC.Core", "HRSC.Core\HRSC.Core.csproj", "{CA4942C9-D73D-4AD6-AD96-D47FFA01BB81}"
EndProject
Global
	GlobalSection(SolutionConfigurationPlatforms) = preSolution
		Debug|Any CPU = Debug|Any CPU
		Release|Any CPU = Release|Any CPU
	EndGlobalSection
	GlobalSection(ProjectConfigurationPlatforms) = postSolution
		{6CE174A1-84FF-4D01-86EE-10FF0111F3AB}.Debug|Any CPU.ActiveCfg = Debug|Any CPU
		{6CE174A1-84FF-4D01-86EE-10FF0111F3AB}.Debug|Any CPU.Build.0 = Debug|Any CPU
		{6CE174A1-84FF-4D01-86EE-10FF0111F3AB}.Release|Any CPU.ActiveCfg = Release|Any CPU
		{6CE174A1-84FF-4D01-86EE-10FF0111F3AB}.Release|Any CPU.Build.0 = Release|Any CPU
		{CA4942C9-D73D-4AD6-AD96-D47FFA01BB81}.Debug|Any CPU.ActiveCfg = Debug|Any CPU
		{CA4942C9-D73D-4AD6-AD96-D47FFA01BB81}.Debug|Any CPU.Build.0 = Debug|Any CPU
		{CA4942C9-D73D-4AD6-AD96-D47FFA01BB81}.Release|Any CPU.ActiveCfg = Release|Any CPU
		{CA4942C9-D73D-4AD6-AD96-D47FFA01BB81}.Release|Any CPU.Build.0 = Release|Any CPU
	EndGlobalSection
	GlobalSection(SolutionProperties) = preSolution
		HideSolutionNode = FALSE
	EndGlobalSection
	GlobalSection(ExtensibilityGlobals) = postSolution
		SolutionGuid = {679F0554-3883-4C50-957E-B46074A17A6F}
	EndGlobalSection
EndGlobal
